// !$*UTF8*$!
{
	archiveVersion = 1;
	classes = {
	};
	objectVersion = 46;
	objects = {

/* Begin PBXBuildFile section */
		E5E7F31D182C230C008843AF /* Foundation.framework in Frameworks */ = {isa = PBXBuildFile; fileRef = E5E7F31C182C230C008843AF /* Foundation.framework */; };
		E5E7F31F182C230C008843AF /* CoreGraphics.framework in Frameworks */ = {isa = PBXBuildFile; fileRef = E5E7F31E182C230C008843AF /* CoreGraphics.framework */; };
		E5E7F321182C230C008843AF /* UIKit.framework in Frameworks */ = {isa = PBXBuildFile; fileRef = E5E7F320182C230C008843AF /* UIKit.framework */; };
		E5E7F327182C230C008843AF /* InfoPlist.strings in Resources */ = {isa = PBXBuildFile; fileRef = E5E7F325182C230C008843AF /* InfoPlist.strings */; };
		E5E7F329182C230C008843AF /* main.m in Sources */ = {isa = PBXBuildFile; fileRef = E5E7F328182C230C008843AF /* main.m */; };
		E5E7F32D182C230C008843AF /* GOTAppDelegate.m in Sources */ = {isa = PBXBuildFile; fileRef = E5E7F32C182C230C008843AF /* GOTAppDelegate.m */; };
		E5E7F336182C230C008843AF /* GOTSearchController.m in Sources */ = {isa = PBXBuildFile; fileRef = E5E7F335182C230C008843AF /* GOTSearchController.m */; };
		E5E7F339182C230C008843AF /* GOTSecondViewController.m in Sources */ = {isa = PBXBuildFile; fileRef = E5E7F338182C230C008843AF /* GOTSecondViewController.m */; };
		E5E7F33B182C230C008843AF /* Images.xcassets in Resources */ = {isa = PBXBuildFile; fileRef = E5E7F33A182C230C008843AF /* Images.xcassets */; };
		E5E7F342182C230D008843AF /* XCTest.framework in Frameworks */ = {isa = PBXBuildFile; fileRef = E5E7F341182C230D008843AF /* XCTest.framework */; };
		E5E7F343182C230D008843AF /* Foundation.framework in Frameworks */ = {isa = PBXBuildFile; fileRef = E5E7F31C182C230C008843AF /* Foundation.framework */; };
		E5E7F344182C230D008843AF /* UIKit.framework in Frameworks */ = {isa = PBXBuildFile; fileRef = E5E7F320182C230C008843AF /* UIKit.framework */; };
		E5E7F34C182C230D008843AF /* InfoPlist.strings in Resources */ = {isa = PBXBuildFile; fileRef = E5E7F34A182C230D008843AF /* InfoPlist.strings */; };
		E5E7F34E182C230D008843AF /* GoEuroTestTests.m in Sources */ = {isa = PBXBuildFile; fileRef = E5E7F34D182C230D008843AF /* GoEuroTestTests.m */; };
		E5E7F35A182C2959008843AF /* UIDevice+Utilities.m in Sources */ = {isa = PBXBuildFile; fileRef = E5E7F359182C2959008843AF /* UIDevice+Utilities.m */; };
		E5E7F35D182C2D05008843AF /* Globals.m in Sources */ = {isa = PBXBuildFile; fileRef = E5E7F35C182C2D05008843AF /* Globals.m */; };
		E5E7F398182C488E008843AF /* libsbjson-ios.a in Frameworks */ = {isa = PBXBuildFile; fileRef = E5E7F397182C488E008843AF /* libsbjson-ios.a */; };
		E5E7F39C182C4F85008843AF /* CoreLocation.framework in Frameworks */ = {isa = PBXBuildFile; fileRef = E5E7F39B182C4F85008843AF /* CoreLocation.framework */; };
		E5E7F39F182C52DF008843AF /* GOTPlace.m in Sources */ = {isa = PBXBuildFile; fileRef = E5E7F39E182C52DF008843AF /* GOTPlace.m */; };
		E5E7F3A1182C5921008843AF /* Monza.gpx in Resources */ = {isa = PBXBuildFile; fileRef = E5E7F3A0182C5921008843AF /* Monza.gpx */; };
/* End PBXBuildFile section */

/* Begin PBXContainerItemProxy section */
		E5E7F345182C230D008843AF /* PBXContainerItemProxy */ = {
			isa = PBXContainerItemProxy;
			containerPortal = E5E7F311182C230C008843AF /* Project object */;
			proxyType = 1;
			remoteGlobalIDString = E5E7F318182C230C008843AF;
			remoteInfo = GoEuroTest;
		};
/* End PBXContainerItemProxy section */

/* Begin PBXFileReference section */
		E5E7F319182C230C008843AF /* GoEuroTest.app */ = {isa = PBXFileReference; explicitFileType = wrapper.application; includeInIndex = 0; path = GoEuroTest.app; sourceTree = BUILT_PRODUCTS_DIR; };
		E5E7F31C182C230C008843AF /* Foundation.framework */ = {isa = PBXFileReference; lastKnownFileType = wrapper.framework; name = Foundation.framework; path = System/Library/Frameworks/Foundation.framework; sourceTree = SDKROOT; };
		E5E7F31E182C230C008843AF /* CoreGraphics.framework */ = {isa = PBXFileReference; lastKnownFileType = wrapper.framework; name = CoreGraphics.framework; path = System/Library/Frameworks/CoreGraphics.framework; sourceTree = SDKROOT; };
		E5E7F320182C230C008843AF /* UIKit.framework */ = {isa = PBXFileReference; lastKnownFileType = wrapper.framework; name = UIKit.framework; path = System/Library/Frameworks/UIKit.framework; sourceTree = SDKROOT; };
		E5E7F324182C230C008843AF /* GoEuroTest-Info.plist */ = {isa = PBXFileReference; lastKnownFileType = text.plist.xml; path = "GoEuroTest-Info.plist"; sourceTree = "<group>"; };
		E5E7F326182C230C008843AF /* en */ = {isa = PBXFileReference; lastKnownFileType = text.plist.strings; name = en; path = en.lproj/InfoPlist.strings; sourceTree = "<group>"; };
		E5E7F328182C230C008843AF /* main.m */ = {isa = PBXFileReference; lastKnownFileType = sourcecode.c.objc; path = main.m; sourceTree = "<group>"; };
		E5E7F32A182C230C008843AF /* GoEuroTest-Prefix.pch */ = {isa = PBXFileReference; lastKnownFileType = sourcecode.c.h; path = "GoEuroTest-Prefix.pch"; sourceTree = "<group>"; };
		E5E7F32B182C230C008843AF /* GOTAppDelegate.h */ = {isa = PBXFileReference; lastKnownFileType = sourcecode.c.h; path = GOTAppDelegate.h; sourceTree = "<group>"; };
		E5E7F32C182C230C008843AF /* GOTAppDelegate.m */ = {isa = PBXFileReference; lastKnownFileType = sourcecode.c.objc; path = GOTAppDelegate.m; sourceTree = "<group>"; };
		E5E7F334182C230C008843AF /* GOTSearchController.h */ = {isa = PBXFileReference; lastKnownFileType = sourcecode.c.h; path = GOTSearchController.h; sourceTree = "<group>"; };
		E5E7F335182C230C008843AF /* GOTSearchController.m */ = {isa = PBXFileReference; lastKnownFileType = sourcecode.c.objc; path = GOTSearchController.m; sourceTree = "<group>"; };
		E5E7F337182C230C008843AF /* GOTSecondViewController.h */ = {isa = PBXFileReference; lastKnownFileType = sourcecode.c.h; path = GOTSecondViewController.h; sourceTree = "<group>"; };
		E5E7F338182C230C008843AF /* GOTSecondViewController.m */ = {isa = PBXFileReference; lastKnownFileType = sourcecode.c.objc; path = GOTSecondViewController.m; sourceTree = "<group>"; };
		E5E7F33A182C230C008843AF /* Images.xcassets */ = {isa = PBXFileReference; lastKnownFileType = folder.assetcatalog; path = Images.xcassets; sourceTree = "<group>"; };
		E5E7F340182C230D008843AF /* GoEuroTestTests.xctest */ = {isa = PBXFileReference; explicitFileType = wrapper.cfbundle; includeInIndex = 0; path = GoEuroTestTests.xctest; sourceTree = BUILT_PRODUCTS_DIR; };
		E5E7F341182C230D008843AF /* XCTest.framework */ = {isa = PBXFileReference; lastKnownFileType = wrapper.framework; name = XCTest.framework; path = Library/Frameworks/XCTest.framework; sourceTree = DEVELOPER_DIR; };
		E5E7F349182C230D008843AF /* GoEuroTestTests-Info.plist */ = {isa = PBXFileReference; lastKnownFileType = text.plist.xml; path = "GoEuroTestTests-Info.plist"; sourceTree = "<group>"; };
		E5E7F34B182C230D008843AF /* en */ = {isa = PBXFileReference; lastKnownFileType = text.plist.strings; name = en; path = en.lproj/InfoPlist.strings; sourceTree = "<group>"; };
		E5E7F34D182C230D008843AF /* GoEuroTestTests.m */ = {isa = PBXFileReference; lastKnownFileType = sourcecode.c.objc; path = GoEuroTestTests.m; sourceTree = "<group>"; };
		E5E7F358182C2959008843AF /* UIDevice+Utilities.h */ = {isa = PBXFileReference; fileEncoding = 4; lastKnownFileType = sourcecode.c.h; name = "UIDevice+Utilities.h"; path = "Utilities/UIDevice+Utilities.h"; sourceTree = "<group>"; };
		E5E7F359182C2959008843AF /* UIDevice+Utilities.m */ = {isa = PBXFileReference; fileEncoding = 4; lastKnownFileType = sourcecode.c.objc; name = "UIDevice+Utilities.m"; path = "Utilities/UIDevice+Utilities.m"; sourceTree = "<group>"; };
		E5E7F35B182C2D05008843AF /* Globals.h */ = {isa = PBXFileReference; fileEncoding = 4; lastKnownFileType = sourcecode.c.h; name = Globals.h; path = Utilities/Globals.h; sourceTree = "<group>"; };
		E5E7F35C182C2D05008843AF /* Globals.m */ = {isa = PBXFileReference; fileEncoding = 4; lastKnownFileType = sourcecode.c.objc; name = Globals.m; path = Utilities/Globals.m; sourceTree = "<group>"; };
		E5E7F391182C3CCD008843AF /* SBJson.h */ = {isa = PBXFileReference; fileEncoding = 4; lastKnownFileType = sourcecode.c.h; path = SBJson.h; sourceTree = "<group>"; };
		E5E7F392182C3CCD008843AF /* SBJsonParser.h */ = {isa = PBXFileReference; fileEncoding = 4; lastKnownFileType = sourcecode.c.h; path = SBJsonParser.h; sourceTree = "<group>"; };
		E5E7F397182C488E008843AF /* libsbjson-ios.a */ = {isa = PBXFileReference; lastKnownFileType = archive.ar; path = "libsbjson-ios.a"; sourceTree = "<group>"; };
		E5E7F39B182C4F85008843AF /* CoreLocation.framework */ = {isa = PBXFileReference; lastKnownFileType = wrapper.framework; name = CoreLocation.framework; path = System/Library/Frameworks/CoreLocation.framework; sourceTree = SDKROOT; };
		E5E7F39D182C52DF008843AF /* GOTPlace.h */ = {isa = PBXFileReference; fileEncoding = 4; lastKnownFileType = sourcecode.c.h; path = GOTPlace.h; sourceTree = "<group>"; };
		E5E7F39E182C52DF008843AF /* GOTPlace.m */ = {isa = PBXFileReference; fileEncoding = 4; lastKnownFileType = sourcecode.c.objc; path = GOTPlace.m; sourceTree = "<group>"; };
		E5E7F3A0182C5921008843AF /* Monza.gpx */ = {isa = PBXFileReference; fileEncoding = 4; lastKnownFileType = text.xml; path = Monza.gpx; sourceTree = "<group>"; };
/* End PBXFileReference section */

/* Begin PBXFrameworksBuildPhase section */
		E5E7F316182C230C008843AF /* Frameworks */ = {
			isa = PBXFrameworksBuildPhase;
			buildActionMask = 2147483647;
			files = (
				E5E7F39C182C4F85008843AF /* CoreLocation.framework in Frameworks */,
				E5E7F398182C488E008843AF /* libsbjson-ios.a in Frameworks */,
				E5E7F31F182C230C008843AF /* CoreGraphics.framework in Frameworks */,
				E5E7F321182C230C008843AF /* UIKit.framework in Frameworks */,
				E5E7F31D182C230C008843AF /* Foundation.framework in Frameworks */,
			);
			runOnlyForDeploymentPostprocessing = 0;
		};
		E5E7F33D182C230D008843AF /* Frameworks */ = {
			isa = PBXFrameworksBuildPhase;
			buildActionMask = 2147483647;
			files = (
				E5E7F342182C230D008843AF /* XCTest.framework in Frameworks */,
				E5E7F344182C230D008843AF /* UIKit.framework in Frameworks */,
				E5E7F343182C230D008843AF /* Foundation.framework in Frameworks */,
			);
			runOnlyForDeploymentPostprocessing = 0;
		};
/* End PBXFrameworksBuildPhase section */

/* Begin PBXGroup section */
		E5E7F310182C230C008843AF = {
			isa = PBXGroup;
			children = (
				E5E7F3A0182C5921008843AF /* Monza.gpx */,
				E5E7F322182C230C008843AF /* GoEuroTest */,
				E5E7F347182C230D008843AF /* GoEuroTestTests */,
				E5E7F31B182C230C008843AF /* Frameworks */,
				E5E7F31A182C230C008843AF /* Products */,
			);
			sourceTree = "<group>";
		};
		E5E7F31A182C230C008843AF /* Products */ = {
			isa = PBXGroup;
			children = (
				E5E7F319182C230C008843AF /* GoEuroTest.app */,
				E5E7F340182C230D008843AF /* GoEuroTestTests.xctest */,
			);
			name = Products;
			sourceTree = "<group>";
		};
		E5E7F31B182C230C008843AF /* Frameworks */ = {
			isa = PBXGroup;
			children = (
				E5E7F39B182C4F85008843AF /* CoreLocation.framework */,
				E5E7F397182C488E008843AF /* libsbjson-ios.a */,
				E5E7F31C182C230C008843AF /* Foundation.framework */,
				E5E7F31E182C230C008843AF /* CoreGraphics.framework */,
				E5E7F320182C230C008843AF /* UIKit.framework */,
				E5E7F341182C230D008843AF /* XCTest.framework */,
			);
			name = Frameworks;
			sourceTree = "<group>";
		};
		E5E7F322182C230C008843AF /* GoEuroTest */ = {
			isa = PBXGroup;
			children = (
				E5E7F357182C293D008843AF /* Utilities */,
				E5E7F32B182C230C008843AF /* GOTAppDelegate.h */,
				E5E7F32C182C230C008843AF /* GOTAppDelegate.m */,
				E5E7F334182C230C008843AF /* GOTSearchController.h */,
				E5E7F335182C230C008843AF /* GOTSearchController.m */,
				E5E7F337182C230C008843AF /* GOTSecondViewController.h */,
				E5E7F338182C230C008843AF /* GOTSecondViewController.m */,
				E5E7F33A182C230C008843AF /* Images.xcassets */,
				E5E7F323182C230C008843AF /* Supporting Files */,
				E5E7F39D182C52DF008843AF /* GOTPlace.h */,
				E5E7F39E182C52DF008843AF /* GOTPlace.m */,
			);
			path = GoEuroTest;
			sourceTree = "<group>";
		};
		E5E7F323182C230C008843AF /* Supporting Files */ = {
			isa = PBXGroup;
			children = (
				E5E7F324182C230C008843AF /* GoEuroTest-Info.plist */,
				E5E7F325182C230C008843AF /* InfoPlist.strings */,
				E5E7F328182C230C008843AF /* main.m */,
				E5E7F32A182C230C008843AF /* GoEuroTest-Prefix.pch */,
			);
			name = "Supporting Files";
			sourceTree = "<group>";
		};
		E5E7F347182C230D008843AF /* GoEuroTestTests */ = {
			isa = PBXGroup;
			children = (
				E5E7F34D182C230D008843AF /* GoEuroTestTests.m */,
				E5E7F348182C230D008843AF /* Supporting Files */,
			);
			path = GoEuroTestTests;
			sourceTree = "<group>";
		};
		E5E7F348182C230D008843AF /* Supporting Files */ = {
			isa = PBXGroup;
			children = (
				E5E7F349182C230D008843AF /* GoEuroTestTests-Info.plist */,
				E5E7F34A182C230D008843AF /* InfoPlist.strings */,
			);
			name = "Supporting Files";
			sourceTree = "<group>";
		};
		E5E7F357182C293D008843AF /* Utilities */ = {
			isa = PBXGroup;
			children = (
				E5E7F391182C3CCD008843AF /* SBJson.h */,
				E5E7F392182C3CCD008843AF /* SBJsonParser.h */,
				E5E7F358182C2959008843AF /* UIDevice+Utilities.h */,
				E5E7F359182C2959008843AF /* UIDevice+Utilities.m */,
				E5E7F35B182C2D05008843AF /* Globals.h */,
				E5E7F35C182C2D05008843AF /* Globals.m */,
			);
			name = Utilities;
			sourceTree = "<group>";
		};
/* End PBXGroup section */

/* Begin PBXNativeTarget section */
		E5E7F318182C230C008843AF /* GoEuroTest */ = {
			isa = PBXNativeTarget;
			buildConfigurationList = E5E7F351182C230D008843AF /* Build configuration list for PBXNativeTarget "GoEuroTest" */;
			buildPhases = (
				E5E7F315182C230C008843AF /* Sources */,
				E5E7F316182C230C008843AF /* Frameworks */,
				E5E7F317182C230C008843AF /* Resources */,
			);
			buildRules = (
			);
			dependencies = (
			);
			name = GoEuroTest;
			productName = GoEuroTest;
			productReference = E5E7F319182C230C008843AF /* GoEuroTest.app */;
			productType = "com.apple.product-type.application";
		};
		E5E7F33F182C230D008843AF /* GoEuroTestTests */ = {
			isa = PBXNativeTarget;
			buildConfigurationList = E5E7F354182C230D008843AF /* Build configuration list for PBXNativeTarget "GoEuroTestTests" */;
			buildPhases = (
				E5E7F33C182C230D008843AF /* Sources */,
				E5E7F33D182C230D008843AF /* Frameworks */,
				E5E7F33E182C230D008843AF /* Resources */,
			);
			buildRules = (
			);
			dependencies = (
				E5E7F346182C230D008843AF /* PBXTargetDependency */,
			);
			name = GoEuroTestTests;
			productName = GoEuroTestTests;
			productReference = E5E7F340182C230D008843AF /* GoEuroTestTests.xctest */;
			productType = "com.apple.product-type.bundle.unit-test";
		};
/* End PBXNativeTarget section */

/* Begin PBXProject section */
		E5E7F311182C230C008843AF /* Project object */ = {
			isa = PBXProject;
			attributes = {
				CLASSPREFIX = GOT;
				LastUpgradeCheck = 0500;
				ORGANIZATIONNAME = "Fabio Napodano";
				TargetAttributes = {
					E5E7F33F182C230D008843AF = {
						TestTargetID = E5E7F318182C230C008843AF;
					};
				};
			};
			buildConfigurationList = E5E7F314182C230C008843AF /* Build configuration list for PBXProject "GoEuroTest" */;
			compatibilityVersion = "Xcode 3.2";
			developmentRegion = English;
			hasScannedForEncodings = 0;
			knownRegions = (
				en,
				Base,
			);
			mainGroup = E5E7F310182C230C008843AF;
			productRefGroup = E5E7F31A182C230C008843AF /* Products */;
			projectDirPath = "";
			projectRoot = "";
			targets = (
				E5E7F318182C230C008843AF /* GoEuroTest */,
				E5E7F33F182C230D008843AF /* GoEuroTestTests */,
			);
		};
/* End PBXProject section */

/* Begin PBXResourcesBuildPhase section */
		E5E7F317182C230C008843AF /* Resources */ = {
			isa = PBXResourcesBuildPhase;
			buildActionMask = 2147483647;
			files = (
				E5E7F3A1182C5921008843AF /* Monza.gpx in Resources */,
				E5E7F33B182C230C008843AF /* Images.xcassets in Resources */,
				E5E7F327182C230C008843AF /* InfoPlist.strings in Resources */,
			);
			runOnlyForDeploymentPostprocessing = 0;
		};
		E5E7F33E182C230D008843AF /* Resources */ = {
			isa = PBXResourcesBuildPhase;
			buildActionMask = 2147483647;
			files = (
				E5E7F34C182C230D008843AF /* InfoPlist.strings in Resources */,
			);
			runOnlyForDeploymentPostprocessing = 0;
		};
/* End PBXResourcesBuildPhase section */

/* Begin PBXSourcesBuildPhase section */
		E5E7F315182C230C008843AF /* Sources */ = {
			isa = PBXSourcesBuildPhase;
			buildActionMask = 2147483647;
			files = (
				E5E7F329182C230C008843AF /* main.m in Sources */,
				E5E7F339182C230C008843AF /* GOTSecondViewController.m in Sources */,
				E5E7F39F182C52DF008843AF /* GOTPlace.m in Sources */,
				E5E7F35A182C2959008843AF /* UIDevice+Utilities.m in Sources */,
				E5E7F336182C230C008843AF /* GOTSearchController.m in Sources */,
				E5E7F35D182C2D05008843AF /* Globals.m in Sources */,
				E5E7F32D182C230C008843AF /* GOTAppDelegate.m in Sources */,
			);
			runOnlyForDeploymentPostprocessing = 0;
		};
		E5E7F33C182C230D008843AF /* Sources */ = {
			isa = PBXSourcesBuildPhase;
			buildActionMask = 2147483647;
			files = (
				E5E7F34E182C230D008843AF /* GoEuroTestTests.m in Sources */,
			);
			runOnlyForDeploymentPostprocessing = 0;
		};
/* End PBXSourcesBuildPhase section */

/* Begin PBXTargetDependency section */
		E5E7F346182C230D008843AF /* PBXTargetDependency */ = {
			isa = PBXTargetDependency;
			target = E5E7F318182C230C008843AF /* GoEuroTest */;
			targetProxy = E5E7F345182C230D008843AF /* PBXContainerItemProxy */;
		};
/* End PBXTargetDependency section */

/* Begin PBXVariantGroup section */
		E5E7F325182C230C008843AF /* InfoPlist.strings */ = {
			isa = PBXVariantGroup;
			children = (
				E5E7F326182C230C008843AF /* en */,
			);
			name = InfoPlist.strings;
			sourceTree = "<group>";
		};
		E5E7F34A182C230D008843AF /* InfoPlist.strings */ = {
			isa = PBXVariantGroup;
			children = (
				E5E7F34B182C230D008843AF /* en */,
			);
			name = InfoPlist.strings;
			sourceTree = "<group>";
		};
/* End PBXVariantGroup section */

/* Begin XCBuildConfiguration section */
		E5E7F34F182C230D008843AF /* Debug */ = {
			isa = XCBuildConfiguration;
			buildSettings = {
				ALWAYS_SEARCH_USER_PATHS = NO;
				ARCHS = "$(ARCHS_STANDARD_INCLUDING_64_BIT)";
				CLANG_CXX_LANGUAGE_STANDARD = "gnu++0x";
				CLANG_CXX_LIBRARY = "libc++";
				CLANG_ENABLE_MODULES = YES;
				CLANG_ENABLE_OBJC_ARC = YES;
				CLANG_WARN_BOOL_CONVERSION = YES;
				CLANG_WARN_CONSTANT_CONVERSION = YES;
				CLANG_WARN_DIRECT_OBJC_ISA_USAGE = YES_ERROR;
				CLANG_WARN_EMPTY_BODY = YES;
				CLANG_WARN_ENUM_CONVERSION = YES;
				CLANG_WARN_INT_CONVERSION = YES;
				CLANG_WARN_OBJC_ROOT_CLASS = YES_ERROR;
				CLANG_WARN__DUPLICATE_METHOD_MATCH = YES;
				"CODE_SIGN_IDENTITY[sdk=iphoneos*]" = "iPhone Developer";
				COPY_PHASE_STRIP = NO;
				GCC_C_LANGUAGE_STANDARD = gnu99;
				GCC_DYNAMIC_NO_PIC = NO;
				GCC_OPTIMIZATION_LEVEL = 0;
				GCC_PREPROCESSOR_DEFINITIONS = (
					"DEBUG=1",
					"$(inherited)",
				);
				GCC_SYMBOLS_PRIVATE_EXTERN = NO;
				GCC_WARN_64_TO_32_BIT_CONVERSION = YES;
				GCC_WARN_ABOUT_RETURN_TYPE = YES_ERROR;
				GCC_WARN_UNDECLARED_SELECTOR = YES;
				GCC_WARN_UNINITIALIZED_AUTOS = YES;
				GCC_WARN_UNUSED_FUNCTION = YES;
				GCC_WARN_UNUSED_VARIABLE = YES;
				IPHONEOS_DEPLOYMENT_TARGET = 7.0;
				ONLY_ACTIVE_ARCH = YES;
				PROVISIONING_PROFILE = "5BFA562D-7C2D-4EC6-9B0D-FD5BFAA208BD";
				SDKROOT = iphoneos;
				TARGETED_DEVICE_FAMILY = "1,2";
				VALID_ARCHS = "armv7 armv7s";
			};
			name = Debug;
		};
		E5E7F350182C230D008843AF /* Release */ = {
			isa = XCBuildConfiguration;
			buildSettings = {
				ALWAYS_SEARCH_USER_PATHS = NO;
				ARCHS = "$(ARCHS_STANDARD_INCLUDING_64_BIT)";
				CLANG_CXX_LANGUAGE_STANDARD = "gnu++0x";
				CLANG_CXX_LIBRARY = "libc++";
				CLANG_ENABLE_MODULES = YES;
				CLANG_ENABLE_OBJC_ARC = YES;
				CLANG_WARN_BOOL_CONVERSION = YES;
				CLANG_WARN_CONSTANT_CONVERSION = YES;
				CLANG_WARN_DIRECT_OBJC_ISA_USAGE = YES_ERROR;
				CLANG_WARN_EMPTY_BODY = YES;
				CLANG_WARN_ENUM_CONVERSION = YES;
				CLANG_WARN_INT_CONVERSION = YES;
				CLANG_WARN_OBJC_ROOT_CLASS = YES_ERROR;
				CLANG_WARN__DUPLICATE_METHOD_MATCH = YES;
				CODE_SIGN_IDENTITY = "iPhone Distribution: GOAPP SRL";
				"CODE_SIGN_IDENTITY[sdk=iphoneos*]" = "iPhone Distribution: GOAPP SRL (JPZNR4ZW4D)";
				COPY_PHASE_STRIP = YES;
				ENABLE_NS_ASSERTIONS = NO;
				GCC_C_LANGUAGE_STANDARD = gnu99;
				GCC_WARN_64_TO_32_BIT_CONVERSION = YES;
				GCC_WARN_ABOUT_RETURN_TYPE = YES_ERROR;
				GCC_WARN_UNDECLARED_SELECTOR = YES;
				GCC_WARN_UNINITIALIZED_AUTOS = YES;
				GCC_WARN_UNUSED_FUNCTION = YES;
				GCC_WARN_UNUSED_VARIABLE = YES;
				IPHONEOS_DEPLOYMENT_TARGET = 7.0;
				ONLY_ACTIVE_ARCH = NO;
				PROVISIONING_PROFILE = "535193E6-8322-4436-A575-E9EFC021E677";
				SDKROOT = iphoneos;
				TARGETED_DEVICE_FAMILY = "1,2";
				VALIDATE_PRODUCT = YES;
				VALID_ARCHS = "armv7 armv7s";
			};
			name = Release;
		};
		E5E7F352182C230D008843AF /* Debug */ = {
			isa = XCBuildConfiguration;
			buildSettings = {
				ASSETCATALOG_COMPILER_APPICON_NAME = AppIcon;
				ASSETCATALOG_COMPILER_LAUNCHIMAGE_NAME = LaunchImage;
				FRAMEWORK_SEARCH_PATHS = (
					"$(inherited)",
					/Users/fabio/Documents/workspace/GoEuroTest,
				);
				GCC_PRECOMPILE_PREFIX_HEADER = YES;
				GCC_PREFIX_HEADER = "GoEuroTest/GoEuroTest-Prefix.pch";
				INFOPLIST_FILE = "GoEuroTest/GoEuroTest-Info.plist";
				IPHONEOS_DEPLOYMENT_TARGET = 6.0;
				LIBRARY_SEARCH_PATHS = (
					"$(inherited)",
					/Users/fabio/Documents/workspace/GoEuroTest,
				);
				PRODUCT_NAME = "$(TARGET_NAME)";
				TARGETED_DEVICE_FAMILY = "1,2";
				WRAPPER_EXTENSION = app;
			};
			name = Debug;
		};
		E5E7F353182C230D008843AF /* Release */ = {
			isa = XCBuildConfiguration;
			buildSettings = {
				ASSETCATALOG_COMPILER_APPICON_NAME = AppIcon;
				ASSETCATALOG_COMPILER_LAUNCHIMAGE_NAME = LaunchImage;
				FRAMEWORK_SEARCH_PATHS = (
					"$(inherited)",
					/Users/fabio/Documents/workspace/GoEuroTest,
				);
				GCC_PRECOMPILE_PREFIX_HEADER = YES;
				GCC_PREFIX_HEADER = "GoEuroTest/GoEuroTest-Prefix.pch";
				INFOPLIST_FILE = "GoEuroTest/GoEuroTest-Info.plist";
				IPHONEOS_DEPLOYMENT_TARGET = 6.0;
				LIBRARY_SEARCH_PATHS = (
					"$(inherited)",
					/Users/fabio/Documents/workspace/GoEuroTest,
				);
				PRODUCT_NAME = "$(TARGET_NAME)";
				TARGETED_DEVICE_FAMILY = "1,2";
				WRAPPER_EXTENSION = app;
			};
			name = Release;
		};
		E5E7F355182C230D008843AF /* Debug */ = {
			isa = XCBuildConfiguration;
			buildSettings = {
				ARCHS = "$(ARCHS_STANDARD_INCLUDING_64_BIT)";
				BUNDLE_LOADER = "$(BUILT_PRODUCTS_DIR)/GoEuroTest.app/GoEuroTest";
				FRAMEWORK_SEARCH_PATHS = (
					"$(SDKROOT)/Developer/Library/Frameworks",
					"$(inherited)",
					"$(DEVELOPER_FRAMEWORKS_DIR)",
				);
				GCC_PRECOMPILE_PREFIX_HEADER = YES;
				GCC_PREFIX_HEADER = "GoEuroTest/GoEuroTest-Prefix.pch";
				GCC_PREPROCESSOR_DEFINITIONS = (
					"DEBUG=1",
					"$(inherited)",
				);
				INFOPLIST_FILE = "GoEuroTestTests/GoEuroTestTests-Info.plist";
				PRODUCT_NAME = "$(TARGET_NAME)";
				TEST_HOST = "$(BUNDLE_LOADER)";
				WRAPPER_EXTENSION = xctest;
			};
			name = Debug;
		};
		E5E7F356182C230D008843AF /* Release */ = {
			isa = XCBuildConfiguration;
			buildSettings = {
				ARCHS = "$(ARCHS_STANDARD_INCLUDING_64_BIT)";
				BUNDLE_LOADER = "$(BUILT_PRODUCTS_DIR)/GoEuroTest.app/GoEuroTest";
				FRAMEWORK_SEARCH_PATHS = (
					"$(SDKROOT)/Developer/Library/Frameworks",
					"$(inherited)",
					"$(DEVELOPER_FRAMEWORKS_DIR)",
				);
				GCC_PRECOMPILE_PREFIX_HEADER = YES;
				GCC_PREFIX_HEADER = "GoEuroTest/GoEuroTest-Prefix.pch";
				INFOPLIST_FILE = "GoEuroTestTests/GoEuroTestTests-Info.plist";
				PRODUCT_NAME = "$(TARGET_NAME)";
				TEST_HOST = "$(BUNDLE_LOADER)";
				WRAPPER_EXTENSION = xctest;
			};
			name = Release;
		};
/* End XCBuildConfiguration section */

/* Begin XCConfigurationList section */
		E5E7F314182C230C008843AF /* Build configuration list for PBXProject "GoEuroTest" */ = {
			isa = XCConfigurationList;
			buildConfigurations = (
				E5E7F34F182C230D008843AF /* Debug */,
				E5E7F350182C230D008843AF /* Release */,
			);
			defaultConfigurationIsVisible = 0;
			defaultConfigurationName = Release;
		};
		E5E7F351182C230D008843AF /* Build configuration list for PBXNativeTarget "GoEuroTest" */ = {
			isa = XCConfigurationList;
			buildConfigurations = (
				E5E7F352182C230D008843AF /* Debug */,
				E5E7F353182C230D008843AF /* Release */,
			);
			defaultConfigurationIsVisible = 0;
			defaultConfigurationName = Release;
		};
		E5E7F354182C230D008843AF /* Build configuration list for PBXNativeTarget "GoEuroTestTests" */ = {
			isa = XCConfigurationList;
			buildConfigurations = (
				E5E7F355182C230D008843AF /* Debug */,
				E5E7F356182C230D008843AF /* Release */,
			);
			defaultConfigurationIsVisible = 0;
			defaultConfigurationName = Release;
		};
/* End XCConfigurationList section */
	};
	rootObject = E5E7F311182C230C008843AF /* Project object */;
}
